# This file is machine-generated by `gh actions-lock`.
# Do not edit by hand; run `gh actions-lock` to update.
# Docs: https://gh.io/actions-lockfile
version: 'v0.0.2'
workflows:
    '.github/workflows/governance.yml': []
    '.github/workflows/hypatia-scan.yml': []
    '.github/workflows/label-triage.yml': []
    '.github/workflows/labels.yml': []
    '.github/workflows/lean.yml':
        - 'actions/checkout@v4.4.0'
    '.github/workflows/push-email-notify.yml':
        - 'hyperpolymath/smtp-notify-action@v0.2.0'
    '.github/workflows/secret-scanner.yml': []
dependencies:
    'actions/checkout@v4.4.0':
        ref: 'v4.4.0'
        commit: 'sha1-11d5960a326750d5838078e36cf38b85af677262'
        owner_id: 44036562
        repo_id: 197814629
    'hyperpolymath/smtp-notify-action@v0.2.0':
        ref: 'v0.2.0'
        commit: 'sha1-ede1191ef6ff3ac02c4f4d9efdf837ee517e11d7'
        owner_id: 6759885
        repo_id: 1352485172
