# This file is machine-generated by `gh actions-lock`.
# Do not edit by hand; run `gh actions-lock` to update.
# Docs: https://gh.io/actions-lockfile
version: 'v0.0.2'
workflows:
    '.github/workflows/ci-contexts.yml':
        - 'actions/checkout@v7.0.1'
    '.github/workflows/governance.yml': []
    '.github/workflows/hypatia-scan.yml': []
    '.github/workflows/label-triage.yml': []
    '.github/workflows/labels.yml': []
    '.github/workflows/lean.yml':
        - 'actions/checkout@v4.4.0'
    '.github/workflows/push-email-notify.yml':
        - 'hyperpolymath/smtp-notify-action@v0.2.0'
    '.github/workflows/secret-scanner.yml': []
dependencies:
    'actions/checkout@v4.4.0':
        ref: 'v4.4.0'
        commit: 'sha1-11d5960a326750d5838078e36cf38b85af677262'
        owner_id: 44036562
        repo_id: 197814629
    'actions/checkout@v7.0.1':
        ref: 'v7.0.1'
        commit: 'sha1-3d3c42e5aac5ba805825da76410c181273ba90b1'
        owner_id: 44036562
        repo_id: 197814629
    'hyperpolymath/smtp-notify-action@v0.2.0':
        ref: 'v0.2.0'
        commit: 'sha1-ede1191ef6ff3ac02c4f4d9efdf837ee517e11d7'
        owner_id: 6759885
        repo_id: 1352485172
    'actions/cache@55cc8345863c7cc4c66a329aec7e433d2d1c52a9':
        ref: 'v6.1.0'
        commit: 'sha1-55cc8345863c7cc4c66a329aec7e433d2d1c52a9'
        owner_id: 44036562
        repo_id: 215566462
    'actions/checkout@3d3c42e5aac5ba805825da76410c181273ba90b1':
        ref: 'v7.0.1'
        commit: 'sha1-3d3c42e5aac5ba805825da76410c181273ba90b1'
        owner_id: 44036562
        repo_id: 197814629
    'actions/upload-artifact@043fb46d1a93c77aae656e7c1c64a875d1fc6a0a':
        ref: 'v7.0.1'
        commit: 'sha1-043fb46d1a93c77aae656e7c1c64a875d1fc6a0a'
        owner_id: 44036562
        repo_id: 192625955
    'editorconfig-checker/action-editorconfig-checker@840e866d93b8e032123c23bac69dece044d4d84c':
        ref: 'v2.2.0'
        commit: 'sha1-840e866d93b8e032123c23bac69dece044d4d84c'
        owner_id: 26415196
        repo_id: 297874902
    'erlef/setup-beam@54075bcc5e249e4758d363f27d099f55d843f124':
        ref: 'v1.24.1'
        commit: 'sha1-54075bcc5e249e4758d363f27d099f55d843f124'
        owner_id: 47606891
        repo_id: 331103973
